
Microsoft Visual Studio Solution File, Format Version 12.00
# Visual Studio 15
VisualStudioVersion = 15.0.27703.2047
MinimumVisualStudioVersion = 10.0.40219.1
Project("{FAE04EC0-301F-11D3-BF4B-00C04F79EFBC}") = "Software2", "Software2\Software2.csproj", "{FEBC2C52-E9AE-4A7D-A1AE-4BDBC66BE69A}"
EndProject
Global
	GlobalSection(SolutionConfigurationPlatforms) = preSolution
		Debug|Any CPU = Debug|Any CPU
		Release|Any CPU = Release|Any CPU
	EndGlobalSection
	GlobalSection(ProjectConfigurationPlatforms) = postSolution
		{FEBC2C52-E9AE-4A7D-A1AE-4BDBC66BE69A}.Debug|Any CPU.ActiveCfg = Debug|Any CPU
		{FEBC2C52-E9AE-4A7D-A1AE-4BDBC66BE69A}.Debug|Any CPU.Build.0 = Debug|Any CPU
		{FEBC2C52-E9AE-4A7D-A1AE-4BDBC66BE69A}.Release|Any CPU.ActiveCfg = Release|Any CPU
		{FEBC2C52-E9AE-4A7D-A1AE-4BDBC66BE69A}.Release|Any CPU.Build.0 = Release|Any CPU
	EndGlobalSection
	GlobalSection(SolutionProperties) = preSolution
		HideSolutionNode = FALSE
	EndGlobalSection
	GlobalSection(ExtensibilityGlobals) = postSolution
		SolutionGuid = {BFC1A85A-7E37-4BB0-ABE9-356504AEFE75}
	EndGlobalSection
EndGlobal
